// !$*UTF8*$!
{
	archiveVersion = 1;
	classes = {
	};
	objectVersion = 56;
	objects = {

/* Begin PBXBuildFile section */
		C1173DF329A48BE10074D367 /* HotelListViewController.swift in Sources */ = {isa = PBXBuildFile; fileRef = C1173DF229A48BE10074D367 /* HotelListViewController.swift */; };
		C1173DF529A498350074D367 /* hotelAPI.swift in Sources */ = {isa = PBXBuildFile; fileRef = C1173DF429A498350074D367 /* hotelAPI.swift */; };
		C1173DF729A4BCB20074D367 /* listCell.swift in Sources */ = {isa = PBXBuildFile; fileRef = C1173DF629A4BCB20074D367 /* listCell.swift */; };
		C17232FF29A3472D00F9472C /* SearchViewController.swift in Sources */ = {isa = PBXBuildFile; fileRef = C17232FE29A3472D00F9472C /* SearchViewController.swift */; };
		C185628B2996042900EEED70 /* APICaller.swift in Sources */ = {isa = PBXBuildFile; fileRef = C185628A2996042900EEED70 /* APICaller.swift */; };
		C1873BE229A5E67C008CDD86 /* dscViewController.swift in Sources */ = {isa = PBXBuildFile; fileRef = C1873BE129A5E67C008CDD86 /* dscViewController.swift */; };
		C1BFDA4B299509F90023FCB4 /* SignUpViewController.swift in Sources */ = {isa = PBXBuildFile; fileRef = C1BFDA4A299509F90023FCB4 /* SignUpViewController.swift */; };
		C1BFDA4D29950A200023FCB4 /* LoginViewController.swift in Sources */ = {isa = PBXBuildFile; fileRef = C1BFDA4C29950A200023FCB4 /* LoginViewController.swift */; };
		C1BFDA4F29950A490023FCB4 /* hotelViewController.swift in Sources */ = {isa = PBXBuildFile; fileRef = C1BFDA4E29950A490023FCB4 /* hotelViewController.swift */; };
		C1BFDA512995134B0023FCB4 /* GoogleService-Info.plist in Resources */ = {isa = PBXBuildFile; fileRef = C1BFDA502995134B0023FCB4 /* GoogleService-Info.plist */; };
		C1BFDA54299516580023FCB4 /* FirebaseAuth in Frameworks */ = {isa = PBXBuildFile; productRef = C1BFDA53299516580023FCB4 /* FirebaseAuth */; };
		C1C8A0D7299AA91D00FF54CA /* hotel.mp4 in Resources */ = {isa = PBXBuildFile; fileRef = C1C8A0D6299AA91D00FF54CA /* hotel.mp4 */; };
		C1C8A0DA299AAC2500FF54CA /* TableCollectionViewCell.swift in Sources */ = {isa = PBXBuildFile; fileRef = C1C8A0D9299AAC2500FF54CA /* TableCollectionViewCell.swift */; };
		C1C8A0DC299AAC6300FF54CA /* CollectionTableViewCell.swift in Sources */ = {isa = PBXBuildFile; fileRef = C1C8A0DB299AAC6300FF54CA /* CollectionTableViewCell.swift */; };
		C1C8A0DE299AAD0A00FF54CA /* ContentViewController.swift in Sources */ = {isa = PBXBuildFile; fileRef = C1C8A0DD299AAD0A00FF54CA /* ContentViewController.swift */; };
		C1C8A100299AC75800FF54CA /* Models.swift in Sources */ = {isa = PBXBuildFile; fileRef = C1C8A0FF299AC75800FF54CA /* Models.swift */; };
		C1DE89932994FC0D002C5111 /* AppDelegate.swift in Sources */ = {isa = PBXBuildFile; fileRef = C1DE89922994FC0D002C5111 /* AppDelegate.swift */; };
		C1DE89952994FC0D002C5111 /* SceneDelegate.swift in Sources */ = {isa = PBXBuildFile; fileRef = C1DE89942994FC0D002C5111 /* SceneDelegate.swift */; };
		C1DE89972994FC0D002C5111 /* ViewController.swift in Sources */ = {isa = PBXBuildFile; fileRef = C1DE89962994FC0D002C5111 /* ViewController.swift */; };
		C1DE899A2994FC0D002C5111 /* Main.storyboard in Resources */ = {isa = PBXBuildFile; fileRef = C1DE89982994FC0D002C5111 /* Main.storyboard */; };
		C1DE899C2994FC0E002C5111 /* Assets.xcassets in Resources */ = {isa = PBXBuildFile; fileRef = C1DE899B2994FC0E002C5111 /* Assets.xcassets */; };
		C1DE899F2994FC0E002C5111 /* LaunchScreen.storyboard in Resources */ = {isa = PBXBuildFile; fileRef = C1DE899D2994FC0E002C5111 /* LaunchScreen.storyboard */; };
/* End PBXBuildFile section */

/* Begin PBXFileReference section */
		C1173DF229A48BE10074D367 /* HotelListViewController.swift */ = {isa = PBXFileReference; lastKnownFileType = sourcecode.swift; path = HotelListViewController.swift; sourceTree = "<group>"; };
		C1173DF429A498350074D367 /* hotelAPI.swift */ = {isa = PBXFileReference; lastKnownFileType = sourcecode.swift; path = hotelAPI.swift; sourceTree = "<group>"; };
		C1173DF629A4BCB20074D367 /* listCell.swift */ = {isa = PBXFileReference; lastKnownFileType = sourcecode.swift; path = listCell.swift; sourceTree = "<group>"; };
		C17232FE29A3472D00F9472C /* SearchViewController.swift */ = {isa = PBXFileReference; lastKnownFileType = sourcecode.swift; path = SearchViewController.swift; sourceTree = "<group>"; };
		C185628A2996042900EEED70 /* APICaller.swift */ = {isa = PBXFileReference; lastKnownFileType = sourcecode.swift; path = APICaller.swift; sourceTree = "<group>"; };
		C1873BE129A5E67C008CDD86 /* dscViewController.swift */ = {isa = PBXFileReference; lastKnownFileType = sourcecode.swift; path = dscViewController.swift; sourceTree = "<group>"; };
		C1BFDA4A299509F90023FCB4 /* SignUpViewController.swift */ = {isa = PBXFileReference; lastKnownFileType = sourcecode.swift; path = SignUpViewController.swift; sourceTree = "<group>"; };
		C1BFDA4C29950A200023FCB4 /* LoginViewController.swift */ = {isa = PBXFileReference; lastKnownFileType = sourcecode.swift; path = LoginViewController.swift; sourceTree = "<group>"; };
		C1BFDA4E29950A490023FCB4 /* hotelViewController.swift */ = {isa = PBXFileReference; lastKnownFileType = sourcecode.swift; path = hotelViewController.swift; sourceTree = "<group>"; };
		C1BFDA502995134B0023FCB4 /* GoogleService-Info.plist */ = {isa = PBXFileReference; fileEncoding = 4; lastKnownFileType = text.plist.xml; path = "GoogleService-Info.plist"; sourceTree = "<group>"; };
		C1C8A0D6299AA91D00FF54CA /* hotel.mp4 */ = {isa = PBXFileReference; lastKnownFileType = file; path = hotel.mp4; sourceTree = "<group>"; };
		C1C8A0D9299AAC2500FF54CA /* TableCollectionViewCell.swift */ = {isa = PBXFileReference; lastKnownFileType = sourcecode.swift; path = TableCollectionViewCell.swift; sourceTree = "<group>"; };
		C1C8A0DB299AAC6300FF54CA /* CollectionTableViewCell.swift */ = {isa = PBXFileReference; lastKnownFileType = sourcecode.swift; path = CollectionTableViewCell.swift; sourceTree = "<group>"; };
		C1C8A0DD299AAD0A00FF54CA /* ContentViewController.swift */ = {isa = PBXFileReference; lastKnownFileType = sourcecode.swift; path = ContentViewController.swift; sourceTree = "<group>"; };
		C1C8A0FF299AC75800FF54CA /* Models.swift */ = {isa = PBXFileReference; lastKnownFileType = sourcecode.swift; path = Models.swift; sourceTree = "<group>"; };
		C1DE898F2994FC0D002C5111 /* hotelapp.app */ = {isa = PBXFileReference; explicitFileType = wrapper.application; includeInIndex = 0; path = hotelapp.app; sourceTree = BUILT_PRODUCTS_DIR; };
		C1DE89922994FC0D002C5111 /* AppDelegate.swift */ = {isa = PBXFileReference; lastKnownFileType = sourcecode.swift; path = AppDelegate.swift; sourceTree = "<group>"; };
		C1DE89942994FC0D002C5111 /* SceneDelegate.swift */ = {isa = PBXFileReference; lastKnownFileType = sourcecode.swift; path = SceneDelegate.swift; sourceTree = "<group>"; };
		C1DE89962994FC0D002C5111 /* ViewController.swift */ = {isa = PBXFileReference; lastKnownFileType = sourcecode.swift; path = ViewController.swift; sourceTree = "<group>"; };
		C1DE89992994FC0D002C5111 /* Base */ = {isa = PBXFileReference; lastKnownFileType = file.storyboard; name = Base; path = Base.lproj/Main.storyboard; sourceTree = "<group>"; };
		C1DE899B2994FC0E002C5111 /* Assets.xcassets */ = {isa = PBXFileReference; lastKnownFileType = folder.assetcatalog; path = Assets.xcassets; sourceTree = "<group>"; };
		C1DE899E2994FC0E002C5111 /* Base */ = {isa = PBXFileReference; lastKnownFileType = file.storyboard; name = Base; path = Base.lproj/LaunchScreen.storyboard; sourceTree = "<group>"; };
		C1DE89A02994FC0E002C5111 /* Info.plist */ = {isa = PBXFileReference; lastKnownFileType = text.plist.xml; path = Info.plist; sourceTree = "<group>"; };
/* End PBXFileReference section */

/* Begin PBXFrameworksBuildPhase section */
		C1DE898C2994FC0D002C5111 /* Frameworks */ = {
			isa = PBXFrameworksBuildPhase;
			buildActionMask = 2147483647;
			files = (
				C1BFDA54299516580023FCB4 /* FirebaseAuth in Frameworks */,
			);
			runOnlyForDeploymentPostprocessing = 0;
		};
/* End PBXFrameworksBuildPhase section */

/* Begin PBXGroup section */
		C1C8A0D8299AAAD600FF54CA /* Cells */ = {
			isa = PBXGroup;
			children = (
				C1C8A0D9299AAC2500FF54CA /* TableCollectionViewCell.swift */,
				C1C8A0DB299AAC6300FF54CA /* CollectionTableViewCell.swift */,
			);
			path = Cells;
			sourceTree = "<group>";
		};
		C1DE89862994FC0D002C5111 = {
			isa = PBXGroup;
			children = (
				C1DE89912994FC0D002C5111 /* hotelapp */,
				C1DE89902994FC0D002C5111 /* Products */,
			);
			sourceTree = "<group>";
		};
		C1DE89902994FC0D002C5111 /* Products */ = {
			isa = PBXGroup;
			children = (
				C1DE898F2994FC0D002C5111 /* hotelapp.app */,
			);
			name = Products;
			sourceTree = "<group>";
		};
		C1DE89912994FC0D002C5111 /* hotelapp */ = {
			isa = PBXGroup;
			children = (
				C1C8A0D8299AAAD600FF54CA /* Cells */,
				C1C8A0D6299AA91D00FF54CA /* hotel.mp4 */,
				C1DE89922994FC0D002C5111 /* AppDelegate.swift */,
				C1DE89942994FC0D002C5111 /* SceneDelegate.swift */,
				C1DE89962994FC0D002C5111 /* ViewController.swift */,
				C1BFDA4A299509F90023FCB4 /* SignUpViewController.swift */,
				C1BFDA4C29950A200023FCB4 /* LoginViewController.swift */,
				C1BFDA4E29950A490023FCB4 /* hotelViewController.swift */,
				C185628A2996042900EEED70 /* APICaller.swift */,
				C1C8A0DD299AAD0A00FF54CA /* ContentViewController.swift */,
				C1DE89982994FC0D002C5111 /* Main.storyboard */,
				C1DE899B2994FC0E002C5111 /* Assets.xcassets */,
				C1DE899D2994FC0E002C5111 /* LaunchScreen.storyboard */,
				C1DE89A02994FC0E002C5111 /* Info.plist */,
				C1BFDA502995134B0023FCB4 /* GoogleService-Info.plist */,
				C1C8A0FF299AC75800FF54CA /* Models.swift */,
				C17232FE29A3472D00F9472C /* SearchViewController.swift */,
				C1173DF229A48BE10074D367 /* HotelListViewController.swift */,
				C1173DF429A498350074D367 /* hotelAPI.swift */,
				C1873BE129A5E67C008CDD86 /* dscViewController.swift */,
				C1173DF629A4BCB20074D367 /* listCell.swift */,
			);
			path = hotelapp;
			sourceTree = "<group>";
		};
/* End PBXGroup section */

/* Begin PBXNativeTarget section */
		C1DE898E2994FC0D002C5111 /* hotelapp */ = {
			isa = PBXNativeTarget;
			buildConfigurationList = C1DE89A32994FC0E002C5111 /* Build configuration list for PBXNativeTarget "hotelapp" */;
			buildPhases = (
				C1DE898B2994FC0D002C5111 /* Sources */,
				C1DE898C2994FC0D002C5111 /* Frameworks */,
				C1DE898D2994FC0D002C5111 /* Resources */,
			);
			buildRules = (
			);
			dependencies = (
			);
			name = hotelapp;
			packageProductDependencies = (
				C1BFDA53299516580023FCB4 /* FirebaseAuth */,
			);
			productName = hotelapp;
			productReference = C1DE898F2994FC0D002C5111 /* hotelapp.app */;
			productType = "com.apple.product-type.application";
		};
/* End PBXNativeTarget section */

/* Begin PBXProject section */
		C1DE89872994FC0D002C5111 /* Project object */ = {
			isa = PBXProject;
			attributes = {
				BuildIndependentTargetsInParallel = 1;
				LastSwiftUpdateCheck = 1420;
				LastUpgradeCheck = 1420;
				TargetAttributes = {
					C1DE898E2994FC0D002C5111 = {
						CreatedOnToolsVersion = 14.2;
					};
				};
			};
			buildConfigurationList = C1DE898A2994FC0D002C5111 /* Build configuration list for PBXProject "hotelapp" */;
			compatibilityVersion = "Xcode 14.0";
			developmentRegion = en;
			hasScannedForEncodings = 0;
			knownRegions = (
				en,
				Base,
			);
			mainGroup = C1DE89862994FC0D002C5111;
			packageReferences = (
				C1BFDA52299516580023FCB4 /* XCRemoteSwiftPackageReference "firebase-ios-sdk" */,
			);
			productRefGroup = C1DE89902994FC0D002C5111 /* Products */;
			projectDirPath = "";
			projectRoot = "";
			targets = (
				C1DE898E2994FC0D002C5111 /* hotelapp */,
			);
		};
/* End PBXProject section */

/* Begin PBXResourcesBuildPhase section */
		C1DE898D2994FC0D002C5111 /* Resources */ = {
			isa = PBXResourcesBuildPhase;
			buildActionMask = 2147483647;
			files = (
				C1DE899F2994FC0E002C5111 /* LaunchScreen.storyboard in Resources */,
				C1C8A0D7299AA91D00FF54CA /* hotel.mp4 in Resources */,
				C1BFDA512995134B0023FCB4 /* GoogleService-Info.plist in Resources */,
				C1DE899C2994FC0E002C5111 /* Assets.xcassets in Resources */,
				C1DE899A2994FC0D002C5111 /* Main.storyboard in Resources */,
			);
			runOnlyForDeploymentPostprocessing = 0;
		};
/* End PBXResourcesBuildPhase section */

/* Begin PBXSourcesBuildPhase section */
		C1DE898B2994FC0D002C5111 /* Sources */ = {
			isa = PBXSourcesBuildPhase;
			buildActionMask = 2147483647;
			files = (
				C1C8A100299AC75800FF54CA /* Models.swift in Sources */,
				C1C8A0DE299AAD0A00FF54CA /* ContentViewController.swift in Sources */,
				C1C8A0DA299AAC2500FF54CA /* TableCollectionViewCell.swift in Sources */,
				C1C8A0DC299AAC6300FF54CA /* CollectionTableViewCell.swift in Sources */,
				C1DE89972994FC0D002C5111 /* ViewController.swift in Sources */,
				C1DE89932994FC0D002C5111 /* AppDelegate.swift in Sources */,
				C17232FF29A3472D00F9472C /* SearchViewController.swift in Sources */,
				C1BFDA4B299509F90023FCB4 /* SignUpViewController.swift in Sources */,
				C1173DF729A4BCB20074D367 /* listCell.swift in Sources */,
				C185628B2996042900EEED70 /* APICaller.swift in Sources */,
				C1BFDA4F29950A490023FCB4 /* hotelViewController.swift in Sources */,
				C1873BE229A5E67C008CDD86 /* dscViewController.swift in Sources */,
				C1BFDA4D29950A200023FCB4 /* LoginViewController.swift in Sources */,
				C1DE89952994FC0D002C5111 /* SceneDelegate.swift in Sources */,
				C1173DF329A48BE10074D367 /* HotelListViewController.swift in Sources */,
				C1173DF529A498350074D367 /* hotelAPI.swift in Sources */,
			);
			runOnlyForDeploymentPostprocessing = 0;
		};
/* End PBXSourcesBuildPhase section */

/* Begin PBXVariantGroup section */
		C1DE89982994FC0D002C5111 /* Main.storyboard */ = {
			isa = PBXVariantGroup;
			children = (
				C1DE89992994FC0D002C5111 /* Base */,
			);
			name = Main.storyboard;
			sourceTree = "<group>";
		};
		C1DE899D2994FC0E002C5111 /* LaunchScreen.storyboard */ = {
			isa = PBXVariantGroup;
			children = (
				C1DE899E2994FC0E002C5111 /* Base */,
			);
			name = LaunchScreen.storyboard;
			sourceTree = "<group>";
		};
/* End PBXVariantGroup section */

/* Begin XCBuildConfiguration section */
		C1DE89A12994FC0E002C5111 /* Debug */ = {
			isa = XCBuildConfiguration;
			buildSettings = {
				ALWAYS_SEARCH_USER_PATHS = NO;
				CLANG_ANALYZER_NONNULL = YES;
				CLANG_ANALYZER_NUMBER_OBJECT_CONVERSION = YES_AGGRESSIVE;
				CLANG_CXX_LANGUAGE_STANDARD = "gnu++20";
				CLANG_ENABLE_MODULES = YES;
				CLANG_ENABLE_OBJC_ARC = YES;
				CLANG_ENABLE_OBJC_WEAK = YES;
				CLANG_WARN_BLOCK_CAPTURE_AUTORELEASING = YES;
				CLANG_WARN_BOOL_CONVERSION = YES;
				CLANG_WARN_COMMA = YES;
				CLANG_WARN_CONSTANT_CONVERSION = YES;
				CLANG_WARN_DEPRECATED_OBJC_IMPLEMENTATIONS = YES;
				CLANG_WARN_DIRECT_OBJC_ISA_USAGE = YES_ERROR;
				CLANG_WARN_DOCUMENTATION_COMMENTS = YES;
				CLANG_WARN_EMPTY_BODY = YES;
				CLANG_WARN_ENUM_CONVERSION = YES;
				CLANG_WARN_INFINITE_RECURSION = YES;
				CLANG_WARN_INT_CONVERSION = YES;
				CLANG_WARN_NON_LITERAL_NULL_CONVERSION = YES;
				CLANG_WARN_OBJC_IMPLICIT_RETAIN_SELF = YES;
				CLANG_WARN_OBJC_LITERAL_CONVERSION = YES;
				CLANG_WARN_OBJC_ROOT_CLASS = YES_ERROR;
				CLANG_WARN_QUOTED_INCLUDE_IN_FRAMEWORK_HEADER = YES;
				CLANG_WARN_RANGE_LOOP_ANALYSIS = YES;
				CLANG_WARN_STRICT_PROTOTYPES = YES;
				CLANG_WARN_SUSPICIOUS_MOVE = YES;
				CLANG_WARN_UNGUARDED_AVAILABILITY = YES_AGGRESSIVE;
				CLANG_WARN_UNREACHABLE_CODE = YES;
				CLANG_WARN__DUPLICATE_METHOD_MATCH = YES;
				COPY_PHASE_STRIP = NO;
				DEBUG_INFORMATION_FORMAT = dwarf;
				ENABLE_STRICT_OBJC_MSGSEND = YES;
				ENABLE_TESTABILITY = YES;
				GCC_C_LANGUAGE_STANDARD = gnu11;
				GCC_DYNAMIC_NO_PIC = NO;
				GCC_NO_COMMON_BLOCKS = YES;
				GCC_OPTIMIZATION_LEVEL = 0;
				GCC_PREPROCESSOR_DEFINITIONS = (
					"DEBUG=1",
					"$(inherited)",
				);
				GCC_WARN_64_TO_32_BIT_CONVERSION = YES;
				GCC_WARN_ABOUT_RETURN_TYPE = YES_ERROR;
				GCC_WARN_UNDECLARED_SELECTOR = YES;
				GCC_WARN_UNINITIALIZED_AUTOS = YES_AGGRESSIVE;
				GCC_WARN_UNUSED_FUNCTION = YES;
				GCC_WARN_UNUSED_VARIABLE = YES;
				IPHONEOS_DEPLOYMENT_TARGET = 16.2;
				MTL_ENABLE_DEBUG_INFO = INCLUDE_SOURCE;
				MTL_FAST_MATH = YES;
				ONLY_ACTIVE_ARCH = YES;
				SDKROOT = iphoneos;
				SWIFT_ACTIVE_COMPILATION_CONDITIONS = DEBUG;
				SWIFT_OPTIMIZATION_LEVEL = "-Onone";
			};
			name = Debug;
		};
		C1DE89A22994FC0E002C5111 /* Release */ = {
			isa = XCBuildConfiguration;
			buildSettings = {
				ALWAYS_SEARCH_USER_PATHS = NO;
				CLANG_ANALYZER_NONNULL = YES;
				CLANG_ANALYZER_NUMBER_OBJECT_CONVERSION = YES_AGGRESSIVE;
				CLANG_CXX_LANGUAGE_STANDARD = "gnu++20";
				CLANG_ENABLE_MODULES = YES;
				CLANG_ENABLE_OBJC_ARC = YES;
				CLANG_ENABLE_OBJC_WEAK = YES;
				CLANG_WARN_BLOCK_CAPTURE_AUTORELEASING = YES;
				CLANG_WARN_BOOL_CONVERSION = YES;
				CLANG_WARN_COMMA = YES;
				CLANG_WARN_CONSTANT_CONVERSION = YES;
				CLANG_WARN_DEPRECATED_OBJC_IMPLEMENTATIONS = YES;
				CLANG_WARN_DIRECT_OBJC_ISA_USAGE = YES_ERROR;
				CLANG_WARN_DOCUMENTATION_COMMENTS = YES;
				CLANG_WARN_EMPTY_BODY = YES;
				CLANG_WARN_ENUM_CONVERSION = YES;
				CLANG_WARN_INFINITE_RECURSION = YES;
				CLANG_WARN_INT_CONVERSION = YES;
				CLANG_WARN_NON_LITERAL_NULL_CONVERSION = YES;
				CLANG_WARN_OBJC_IMPLICIT_RETAIN_SELF = YES;
				CLANG_WARN_OBJC_LITERAL_CONVERSION = YES;
				CLANG_WARN_OBJC_ROOT_CLASS = YES_ERROR;
				CLANG_WARN_QUOTED_INCLUDE_IN_FRAMEWORK_HEADER = YES;
				CLANG_WARN_RANGE_LOOP_ANALYSIS = YES;
				CLANG_WARN_STRICT_PROTOTYPES = YES;
				CLANG_WARN_SUSPICIOUS_MOVE = YES;
				CLANG_WARN_UNGUARDED_AVAILABILITY = YES_AGGRESSIVE;
				CLANG_WARN_UNREACHABLE_CODE = YES;
				CLANG_WARN__DUPLICATE_METHOD_MATCH = YES;
				COPY_PHASE_STRIP = NO;
				DEBUG_INFORMATION_FORMAT = "dwarf-with-dsym";
				ENABLE_NS_ASSERTIONS = NO;
				ENABLE_STRICT_OBJC_MSGSEND = YES;
				GCC_C_LANGUAGE_STANDARD = gnu11;
				GCC_NO_COMMON_BLOCKS = YES;
				GCC_WARN_64_TO_32_BIT_CONVERSION = YES;
				GCC_WARN_ABOUT_RETURN_TYPE = YES_ERROR;
				GCC_WARN_UNDECLARED_SELECTOR = YES;
				GCC_WARN_UNINITIALIZED_AUTOS = YES_AGGRESSIVE;
				GCC_WARN_UNUSED_FUNCTION = YES;
				GCC_WARN_UNUSED_VARIABLE = YES;
				IPHONEOS_DEPLOYMENT_TARGET = 16.2;
				MTL_ENABLE_DEBUG_INFO = NO;
				MTL_FAST_MATH = YES;
				SDKROOT = iphoneos;
				SWIFT_COMPILATION_MODE = wholemodule;
				SWIFT_OPTIMIZATION_LEVEL = "-O";
				VALIDATE_PRODUCT = YES;
			};
			name = Release;
		};
		C1DE89A42994FC0E002C5111 /* Debug */ = {
			isa = XCBuildConfiguration;
			buildSettings = {
				ASSETCATALOG_COMPILER_APPICON_NAME = AppIcon;
				ASSETCATALOG_COMPILER_GLOBAL_ACCENT_COLOR_NAME = AccentColor;
				CODE_SIGN_STYLE = Automatic;
				CURRENT_PROJECT_VERSION = 1;
				DEVELOPMENT_TEAM = Q9G9TDFD86;
				GENERATE_INFOPLIST_FILE = YES;
				INFOPLIST_FILE = hotelapp/Info.plist;
				INFOPLIST_KEY_UIApplicationSupportsIndirectInputEvents = YES;
				INFOPLIST_KEY_UILaunchStoryboardName = LaunchScreen;
				INFOPLIST_KEY_UIMainStoryboardFile = Main;
				INFOPLIST_KEY_UISupportedInterfaceOrientations_iPad = "UIInterfaceOrientationPortrait UIInterfaceOrientationPortraitUpsideDown UIInterfaceOrientationLandscapeLeft UIInterfaceOrientationLandscapeRight";
				INFOPLIST_KEY_UISupportedInterfaceOrientations_iPhone = "UIInterfaceOrientationPortrait UIInterfaceOrientationLandscapeLeft UIInterfaceOrientationLandscapeRight";
				IPHONEOS_DEPLOYMENT_TARGET = 12.4;
				LD_RUNPATH_SEARCH_PATHS = (
					"$(inherited)",
					"@executable_path/Frameworks",
				);
				MARKETING_VERSION = 1.0;
				PRODUCT_BUNDLE_IDENTIFIER = subhransu.hotelapp;
				PRODUCT_NAME = "$(TARGET_NAME)";
				SWIFT_EMIT_LOC_STRINGS = YES;
				SWIFT_VERSION = 5.0;
				TARGETED_DEVICE_FAMILY = "1,2";
			};
			name = Debug;
		};
		C1DE89A52994FC0E002C5111 /* Release */ = {
			isa = XCBuildConfiguration;
			buildSettings = {
				ASSETCATALOG_COMPILER_APPICON_NAME = AppIcon;
				ASSETCATALOG_COMPILER_GLOBAL_ACCENT_COLOR_NAME = AccentColor;
				CODE_SIGN_STYLE = Automatic;
				CURRENT_PROJECT_VERSION = 1;
				DEVELOPMENT_TEAM = Q9G9TDFD86;
				GENERATE_INFOPLIST_FILE = YES;
				INFOPLIST_FILE = hotelapp/Info.plist;
				INFOPLIST_KEY_UIApplicationSupportsIndirectInputEvents = YES;
				INFOPLIST_KEY_UILaunchStoryboardName = LaunchScreen;
				INFOPLIST_KEY_UIMainStoryboardFile = Main;
				INFOPLIST_KEY_UISupportedInterfaceOrientations_iPad = "UIInterfaceOrientationPortrait UIInterfaceOrientationPortraitUpsideDown UIInterfaceOrientationLandscapeLeft UIInterfaceOrientationLandscapeRight";
				INFOPLIST_KEY_UISupportedInterfaceOrientations_iPhone = "UIInterfaceOrientationPortrait UIInterfaceOrientationLandscapeLeft UIInterfaceOrientationLandscapeRight";
				IPHONEOS_DEPLOYMENT_TARGET = 12.4;
				LD_RUNPATH_SEARCH_PATHS = (
					"$(inherited)",
					"@executable_path/Frameworks",
				);
				MARKETING_VERSION = 1.0;
				PRODUCT_BUNDLE_IDENTIFIER = subhransu.hotelapp;
				PRODUCT_NAME = "$(TARGET_NAME)";
				SWIFT_EMIT_LOC_STRINGS = YES;
				SWIFT_VERSION = 5.0;
				TARGETED_DEVICE_FAMILY = "1,2";
			};
			name = Release;
		};
/* End XCBuildConfiguration section */

/* Begin XCConfigurationList section */
		C1DE898A2994FC0D002C5111 /* Build configuration list for PBXProject "hotelapp" */ = {
			isa = XCConfigurationList;
			buildConfigurations = (
				C1DE89A12994FC0E002C5111 /* Debug */,
				C1DE89A22994FC0E002C5111 /* Release */,
			);
			defaultConfigurationIsVisible = 0;
			defaultConfigurationName = Release;
		};
		C1DE89A32994FC0E002C5111 /* Build configuration list for PBXNativeTarget "hotelapp" */ = {
			isa = XCConfigurationList;
			buildConfigurations = (
				C1DE89A42994FC0E002C5111 /* Debug */,
				C1DE89A52994FC0E002C5111 /* Release */,
			);
			defaultConfigurationIsVisible = 0;
			defaultConfigurationName = Release;
		};
/* End XCConfigurationList section */

/* Begin XCRemoteSwiftPackageReference section */
		C1BFDA52299516580023FCB4 /* XCRemoteSwiftPackageReference "firebase-ios-sdk" */ = {
			isa = XCRemoteSwiftPackageReference;
			repositoryURL = "https://github.com/firebase/firebase-ios-sdk";
			requirement = {
				branch = master;
				kind = branch;
			};
		};
/* End XCRemoteSwiftPackageReference section */

/* Begin XCSwiftPackageProductDependency section */
		C1BFDA53299516580023FCB4 /* FirebaseAuth */ = {
			isa = XCSwiftPackageProductDependency;
			package = C1BFDA52299516580023FCB4 /* XCRemoteSwiftPackageReference "firebase-ios-sdk" */;
			productName = FirebaseAuth;
		};
/* End XCSwiftPackageProductDependency section */
	};
	rootObject = C1DE89872994FC0D002C5111 /* Project object */;
}
